
Microsoft Visual Studio Solution File, Format Version 12.00
# Visual Studio 15
VisualStudioVersion = 15.0.28307.645
MinimumVisualStudioVersion = 10.0.40219.1
Project("{FAE04EC0-301F-11D3-BF4B-00C04F79EFBC}") = "FMSPuntuacion.Android", "FMSPuntuacion\FMSPuntuacion.Android\FMSPuntuacion.Android.csproj", "{36ED5071-B5AD-4654-BC67-DB13F7A19CD4}"
EndProject
Project("{FAE04EC0-301F-11D3-BF4B-00C04F79EFBC}") = "FMSPuntuacion.iOS", "FMSPuntuacion\FMSPuntuacion.iOS\FMSPuntuacion.iOS.csproj", "{8392729C-C9A2-4669-8D7A-5202D74241C7}"
EndProject
Project("{FAE04EC0-301F-11D3-BF4B-00C04F79EFBC}") = "FMSPuntuacion", "FMSPuntuacion\FMSPuntuacion\FMSPuntuacion.csproj", "{6885B0C5-C894-4038-99B9-4F999632EFB3}"
EndProject
Global
	GlobalSection(SolutionConfigurationPlatforms) = preSolution
		Ad-Hoc|Any CPU = Ad-Hoc|Any CPU
		Ad-Hoc|iPhone = Ad-Hoc|iPhone
		Ad-Hoc|iPhoneSimulator = Ad-Hoc|iPhoneSimulator
		AppStore|Any CPU = AppStore|Any CPU
		AppStore|iPhone = AppStore|iPhone
		AppStore|iPhoneSimulator = AppStore|iPhoneSimulator
		Debug|Any CPU = Debug|Any CPU
		Debug|iPhone = Debug|iPhone
		Debug|iPhoneSimulator = Debug|iPhoneSimulator
		Release|Any CPU = Release|Any CPU
		Release|iPhone = Release|iPhone
		Release|iPhoneSimulator = Release|iPhoneSimulator
	EndGlobalSection
	GlobalSection(ProjectConfigurationPlatforms) = postSolution
		{36ED5071-B5AD-4654-BC67-DB13F7A19CD4}.Ad-Hoc|Any CPU.ActiveCfg = Release|Any CPU
		{36ED5071-B5AD-4654-BC67-DB13F7A19CD4}.Ad-Hoc|Any CPU.Build.0 = Release|Any CPU
		{36ED5071-B5AD-4654-BC67-DB13F7A19CD4}.Ad-Hoc|Any CPU.Deploy.0 = Release|Any CPU
		{36ED5071-B5AD-4654-BC67-DB13F7A19CD4}.Ad-Hoc|iPhone.ActiveCfg = Release|Any CPU
		{36ED5071-B5AD-4654-BC67-DB13F7A19CD4}.Ad-Hoc|iPhone.Build.0 = Release|Any CPU
		{36ED5071-B5AD-4654-BC67-DB13F7A19CD4}.Ad-Hoc|iPhone.Deploy.0 = Release|Any CPU
		{36ED5071-B5AD-4654-BC67-DB13F7A19CD4}.Ad-Hoc|iPhoneSimulator.ActiveCfg = Release|Any CPU
		{36ED5071-B5AD-4654-BC67-DB13F7A19CD4}.Ad-Hoc|iPhoneSimulator.Build.0 = Release|Any CPU
		{36ED5071-B5AD-4654-BC67-DB13F7A19CD4}.Ad-Hoc|iPhoneSimulator.Deploy.0 = Release|Any CPU
		{36ED5071-B5AD-4654-BC67-DB13F7A19CD4}.AppStore|Any CPU.ActiveCfg = Release|Any CPU
		{36ED5071-B5AD-4654-BC67-DB13F7A19CD4}.AppStore|Any CPU.Build.0 = Release|Any CPU
		{36ED5071-B5AD-4654-BC67-DB13F7A19CD4}.AppStore|Any CPU.Deploy.0 = Release|Any CPU
		{36ED5071-B5AD-4654-BC67-DB13F7A19CD4}.AppStore|iPhone.ActiveCfg = Release|Any CPU
		{36ED5071-B5AD-4654-BC67-DB13F7A19CD4}.AppStore|iPhone.Build.0 = Release|Any CPU
		{36ED5071-B5AD-4654-BC67-DB13F7A19CD4}.AppStore|iPhone.Deploy.0 = Release|Any CPU
		{36ED5071-B5AD-4654-BC67-DB13F7A19CD4}.AppStore|iPhoneSimulator.ActiveCfg = Release|Any CPU
		{36ED5071-B5AD-4654-BC67-DB13F7A19CD4}.AppStore|iPhoneSimulator.Build.0 = Release|Any CPU
		{36ED5071-B5AD-4654-BC67-DB13F7A19CD4}.AppStore|iPhoneSimulator.Deploy.0 = Release|Any CPU
		{36ED5071-B5AD-4654-BC67-DB13F7A19CD4}.Debug|Any CPU.ActiveCfg = Debug|Any CPU
		{36ED5071-B5AD-4654-BC67-DB13F7A19CD4}.Debug|Any CPU.Build.0 = Debug|Any CPU
		{36ED5071-B5AD-4654-BC67-DB13F7A19CD4}.Debug|Any CPU.Deploy.0 = Debug|Any CPU
		{36ED5071-B5AD-4654-BC67-DB13F7A19CD4}.Debug|iPhone.ActiveCfg = Debug|Any CPU
		{36ED5071-B5AD-4654-BC67-DB13F7A19CD4}.Debug|iPhone.Build.0 = Debug|Any CPU
		{36ED5071-B5AD-4654-BC67-DB13F7A19CD4}.Debug|iPhone.Deploy.0 = Debug|Any CPU
		{36ED5071-B5AD-4654-BC67-DB13F7A19CD4}.Debug|iPhoneSimulator.ActiveCfg = Debug|Any CPU
		{36ED5071-B5AD-4654-BC67-DB13F7A19CD4}.Debug|iPhoneSimulator.Build.0 = Debug|Any CPU
		{36ED5071-B5AD-4654-BC67-DB13F7A19CD4}.Debug|iPhoneSimulator.Deploy.0 = Debug|Any CPU
		{36ED5071-B5AD-4654-BC67-DB13F7A19CD4}.Release|Any CPU.ActiveCfg = Release|Any CPU
		{36ED5071-B5AD-4654-BC67-DB13F7A19CD4}.Release|Any CPU.Build.0 = Release|Any CPU
		{36ED5071-B5AD-4654-BC67-DB13F7A19CD4}.Release|Any CPU.Deploy.0 = Release|Any CPU
		{36ED5071-B5AD-4654-BC67-DB13F7A19CD4}.Release|iPhone.ActiveCfg = Release|Any CPU
		{36ED5071-B5AD-4654-BC67-DB13F7A19CD4}.Release|iPhone.Build.0 = Release|Any CPU
		{36ED5071-B5AD-4654-BC67-DB13F7A19CD4}.Release|iPhone.Deploy.0 = Release|Any CPU
		{36ED5071-B5AD-4654-BC67-DB13F7A19CD4}.Release|iPhoneSimulator.ActiveCfg = Release|Any CPU
		{36ED5071-B5AD-4654-BC67-DB13F7A19CD4}.Release|iPhoneSimulator.Build.0 = Release|Any CPU
		{36ED5071-B5AD-4654-BC67-DB13F7A19CD4}.Release|iPhoneSimulator.Deploy.0 = Release|Any CPU
		{8392729C-C9A2-4669-8D7A-5202D74241C7}.Ad-Hoc|Any CPU.ActiveCfg = Ad-Hoc|iPhone
		{8392729C-C9A2-4669-8D7A-5202D74241C7}.Ad-Hoc|Any CPU.Build.0 = Ad-Hoc|iPhone
		{8392729C-C9A2-4669-8D7A-5202D74241C7}.Ad-Hoc|Any CPU.Deploy.0 = Ad-Hoc|iPhone
		{8392729C-C9A2-4669-8D7A-5202D74241C7}.Ad-Hoc|iPhone.ActiveCfg = Ad-Hoc|iPhone
		{8392729C-C9A2-4669-8D7A-5202D74241C7}.Ad-Hoc|iPhone.Build.0 = Ad-Hoc|iPhone
		{8392729C-C9A2-4669-8D7A-5202D74241C7}.Ad-Hoc|iPhone.Deploy.0 = Ad-Hoc|iPhone
		{8392729C-C9A2-4669-8D7A-5202D74241C7}.Ad-Hoc|iPhoneSimulator.ActiveCfg = Ad-Hoc|iPhoneSimulator
		{8392729C-C9A2-4669-8D7A-5202D74241C7}.Ad-Hoc|iPhoneSimulator.Build.0 = Ad-Hoc|iPhoneSimulator
		{8392729C-C9A2-4669-8D7A-5202D74241C7}.Ad-Hoc|iPhoneSimulator.Deploy.0 = Ad-Hoc|iPhoneSimulator
		{8392729C-C9A2-4669-8D7A-5202D74241C7}.AppStore|Any CPU.ActiveCfg = AppStore|iPhone
		{8392729C-C9A2-4669-8D7A-5202D74241C7}.AppStore|Any CPU.Build.0 = AppStore|iPhone
		{8392729C-C9A2-4669-8D7A-5202D74241C7}.AppStore|Any CPU.Deploy.0 = AppStore|iPhone
		{8392729C-C9A2-4669-8D7A-5202D74241C7}.AppStore|iPhone.ActiveCfg = AppStore|iPhone
		{8392729C-C9A2-4669-8D7A-5202D74241C7}.AppStore|iPhone.Build.0 = AppStore|iPhone
		{8392729C-C9A2-4669-8D7A-5202D74241C7}.AppStore|iPhone.Deploy.0 = AppStore|iPhone
		{8392729C-C9A2-4669-8D7A-5202D74241C7}.AppStore|iPhoneSimulator.ActiveCfg = AppStore|iPhoneSimulator
		{8392729C-C9A2-4669-8D7A-5202D74241C7}.AppStore|iPhoneSimulator.Build.0 = AppStore|iPhoneSimulator
		{8392729C-C9A2-4669-8D7A-5202D74241C7}.AppStore|iPhoneSimulator.Deploy.0 = AppStore|iPhoneSimulator
		{8392729C-C9A2-4669-8D7A-5202D74241C7}.Debug|Any CPU.ActiveCfg = Debug|iPhoneSimulator
		{8392729C-C9A2-4669-8D7A-5202D74241C7}.Debug|Any CPU.Build.0 = Debug|iPhoneSimulator
		{8392729C-C9A2-4669-8D7A-5202D74241C7}.Debug|Any CPU.Deploy.0 = Debug|iPhoneSimulator
		{8392729C-C9A2-4669-8D7A-5202D74241C7}.Debug|iPhone.ActiveCfg = Debug|iPhone
		{8392729C-C9A2-4669-8D7A-5202D74241C7}.Debug|iPhone.Build.0 = Debug|iPhone
		{8392729C-C9A2-4669-8D7A-5202D74241C7}.Debug|iPhone.Deploy.0 = Debug|iPhone
		{8392729C-C9A2-4669-8D7A-5202D74241C7}.Debug|iPhoneSimulator.ActiveCfg = Debug|iPhoneSimulator
		{8392729C-C9A2-4669-8D7A-5202D74241C7}.Debug|iPhoneSimulator.Build.0 = Debug|iPhoneSimulator
		{8392729C-C9A2-4669-8D7A-5202D74241C7}.Debug|iPhoneSimulator.Deploy.0 = Debug|iPhoneSimulator
		{8392729C-C9A2-4669-8D7A-5202D74241C7}.Release|Any CPU.ActiveCfg = Release|iPhone
		{8392729C-C9A2-4669-8D7A-5202D74241C7}.Release|Any CPU.Build.0 = Release|iPhone
		{8392729C-C9A2-4669-8D7A-5202D74241C7}.Release|Any CPU.Deploy.0 = Release|iPhone
		{8392729C-C9A2-4669-8D7A-5202D74241C7}.Release|iPhone.ActiveCfg = Release|iPhone
		{8392729C-C9A2-4669-8D7A-5202D74241C7}.Release|iPhone.Build.0 = Release|iPhone
		{8392729C-C9A2-4669-8D7A-5202D74241C7}.Release|iPhone.Deploy.0 = Release|iPhone
		{8392729C-C9A2-4669-8D7A-5202D74241C7}.Release|iPhoneSimulator.ActiveCfg = Release|iPhoneSimulator
		{8392729C-C9A2-4669-8D7A-5202D74241C7}.Release|iPhoneSimulator.Build.0 = Release|iPhoneSimulator
		{8392729C-C9A2-4669-8D7A-5202D74241C7}.Release|iPhoneSimulator.Deploy.0 = Release|iPhoneSimulator
		{6885B0C5-C894-4038-99B9-4F999632EFB3}.Ad-Hoc|Any CPU.ActiveCfg = Debug|Any CPU
		{6885B0C5-C894-4038-99B9-4F999632EFB3}.Ad-Hoc|Any CPU.Build.0 = Debug|Any CPU
		{6885B0C5-C894-4038-99B9-4F999632EFB3}.Ad-Hoc|Any CPU.Deploy.0 = Debug|Any CPU
		{6885B0C5-C894-4038-99B9-4F999632EFB3}.Ad-Hoc|iPhone.ActiveCfg = Debug|Any CPU
		{6885B0C5-C894-4038-99B9-4F999632EFB3}.Ad-Hoc|iPhone.Build.0 = Debug|Any CPU
		{6885B0C5-C894-4038-99B9-4F999632EFB3}.Ad-Hoc|iPhone.Deploy.0 = Debug|Any CPU
		{6885B0C5-C894-4038-99B9-4F999632EFB3}.Ad-Hoc|iPhoneSimulator.ActiveCfg = Debug|Any CPU
		{6885B0C5-C894-4038-99B9-4F999632EFB3}.Ad-Hoc|iPhoneSimulator.Build.0 = Debug|Any CPU
		{6885B0C5-C894-4038-99B9-4F999632EFB3}.Ad-Hoc|iPhoneSimulator.Deploy.0 = Debug|Any CPU
		{6885B0C5-C894-4038-99B9-4F999632EFB3}.AppStore|Any CPU.ActiveCfg = Debug|Any CPU
		{6885B0C5-C894-4038-99B9-4F999632EFB3}.AppStore|Any CPU.Build.0 = Debug|Any CPU
		{6885B0C5-C894-4038-99B9-4F999632EFB3}.AppStore|Any CPU.Deploy.0 = Debug|Any CPU
		{6885B0C5-C894-4038-99B9-4F999632EFB3}.AppStore|iPhone.ActiveCfg = Debug|Any CPU
		{6885B0C5-C894-4038-99B9-4F999632EFB3}.AppStore|iPhone.Build.0 = Debug|Any CPU
		{6885B0C5-C894-4038-99B9-4F999632EFB3}.AppStore|iPhone.Deploy.0 = Debug|Any CPU
		{6885B0C5-C894-4038-99B9-4F999632EFB3}.AppStore|iPhoneSimulator.ActiveCfg = Debug|Any CPU
		{6885B0C5-C894-4038-99B9-4F999632EFB3}.AppStore|iPhoneSimulator.Build.0 = Debug|Any CPU
		{6885B0C5-C894-4038-99B9-4F999632EFB3}.AppStore|iPhoneSimulator.Deploy.0 = Debug|Any CPU
		{6885B0C5-C894-4038-99B9-4F999632EFB3}.Debug|Any CPU.ActiveCfg = Debug|Any CPU
		{6885B0C5-C894-4038-99B9-4F999632EFB3}.Debug|Any CPU.Build.0 = Debug|Any CPU
		{6885B0C5-C894-4038-99B9-4F999632EFB3}.Debug|Any CPU.Deploy.0 = Debug|Any CPU
		{6885B0C5-C894-4038-99B9-4F999632EFB3}.Debug|iPhone.ActiveCfg = Debug|Any CPU
		{6885B0C5-C894-4038-99B9-4F999632EFB3}.Debug|iPhone.Build.0 = Debug|Any CPU
		{6885B0C5-C894-4038-99B9-4F999632EFB3}.Debug|iPhone.Deploy.0 = Debug|Any CPU
		{6885B0C5-C894-4038-99B9-4F999632EFB3}.Debug|iPhoneSimulator.ActiveCfg = Debug|Any CPU
		{6885B0C5-C894-4038-99B9-4F999632EFB3}.Debug|iPhoneSimulator.Build.0 = Debug|Any CPU
		{6885B0C5-C894-4038-99B9-4F999632EFB3}.Debug|iPhoneSimulator.Deploy.0 = Debug|Any CPU
		{6885B0C5-C894-4038-99B9-4F999632EFB3}.Release|Any CPU.ActiveCfg = Release|Any CPU
		{6885B0C5-C894-4038-99B9-4F999632EFB3}.Release|Any CPU.Build.0 = Release|Any CPU
		{6885B0C5-C894-4038-99B9-4F999632EFB3}.Release|Any CPU.Deploy.0 = Release|Any CPU
		{6885B0C5-C894-4038-99B9-4F999632EFB3}.Release|iPhone.ActiveCfg = Release|Any CPU
		{6885B0C5-C894-4038-99B9-4F999632EFB3}.Release|iPhone.Build.0 = Release|Any CPU
		{6885B0C5-C894-4038-99B9-4F999632EFB3}.Release|iPhone.Deploy.0 = Release|Any CPU
		{6885B0C5-C894-4038-99B9-4F999632EFB3}.Release|iPhoneSimulator.ActiveCfg = Release|Any CPU
		{6885B0C5-C894-4038-99B9-4F999632EFB3}.Release|iPhoneSimulator.Build.0 = Release|Any CPU
		{6885B0C5-C894-4038-99B9-4F999632EFB3}.Release|iPhoneSimulator.Deploy.0 = Release|Any CPU
	EndGlobalSection
	GlobalSection(SolutionProperties) = preSolution
		HideSolutionNode = FALSE
	EndGlobalSection
	GlobalSection(ExtensibilityGlobals) = postSolution
		SolutionGuid = {FAC204BB-03D8-4A41-AC92-F3AC983F451A}
	EndGlobalSection
EndGlobal
